
Microsoft Visual Studio Solution File, Format Version 12.00
# Visual Studio Version 18
VisualStudioVersion = 18.6.11828.311 oobstable
MinimumVisualStudioVersion = 10.0.40219.1
Project("{FAE04EC0-301F-11D3-BF4B-00C04F79EFBC}") = "IDEBanco", "IDEBanco.csproj", "{0D78315C-45E4-3EE1-3FFF-CFDF3010EAA5}"
EndProject
Global
	GlobalSection(SolutionConfigurationPlatforms) = preSolution
		Debug|Any CPU = Debug|Any CPU
		Release|Any CPU = Release|Any CPU
	EndGlobalSection
	GlobalSection(ProjectConfigurationPlatforms) = postSolution
		{0D78315C-45E4-3EE1-3FFF-CFDF3010EAA5}.Debug|Any CPU.ActiveCfg = Debug|Any CPU
		{0D78315C-45E4-3EE1-3FFF-CFDF3010EAA5}.Debug|Any CPU.Build.0 = Debug|Any CPU
		{0D78315C-45E4-3EE1-3FFF-CFDF3010EAA5}.Release|Any CPU.ActiveCfg = Release|Any CPU
		{0D78315C-45E4-3EE1-3FFF-CFDF3010EAA5}.Release|Any CPU.Build.0 = Release|Any CPU
	EndGlobalSection
	GlobalSection(SolutionProperties) = preSolution
		HideSolutionNode = FALSE
	EndGlobalSection
	GlobalSection(ExtensibilityGlobals) = postSolution
		SolutionGuid = {95CAD692-A9FB-47D5-A3A0-1BEBE1D2A5B2}
	EndGlobalSection
EndGlobal
